// !$*UTF8*$!
{
	archiveVersion = 1;
	classes = {
	};
	objectVersion = 56;
	objects = {

/* Begin PBXBuildFile section */
		33F237FD2B81CD0100D768EF /* AppDelegate.swift in Sources */ = {isa = PBXBuildFile; fileRef = 33F237FC2B81CD0100D768EF /* AppDelegate.swift */; };
		33F237FF2B81CD0100D768EF /* SceneDelegate.swift in Sources */ = {isa = PBXBuildFile; fileRef = 33F237FE2B81CD0100D768EF /* SceneDelegate.swift */; };
		33F238012B81CD0100D768EF /* ViewController.swift in Sources */ = {isa = PBXBuildFile; fileRef = 33F238002B81CD0100D768EF /* ViewController.swift */; };
		33F238042B81CD0100D768EF /* Main.storyboard in Resources */ = {isa = PBXBuildFile; fileRef = 33F238022B81CD0100D768EF /* Main.storyboard */; };
		33F238072B81CD0100D768EF /* LocationAlert.xcdatamodeld in Sources */ = {isa = PBXBuildFile; fileRef = 33F238052B81CD0100D768EF /* LocationAlert.xcdatamodeld */; };
		33F238092B81CD0300D768EF /* Assets.xcassets in Resources */ = {isa = PBXBuildFile; fileRef = 33F238082B81CD0300D768EF /* Assets.xcassets */; };
		33F2380C2B81CD0300D768EF /* LaunchScreen.storyboard in Resources */ = {isa = PBXBuildFile; fileRef = 33F2380A2B81CD0300D768EF /* LaunchScreen.storyboard */; };
		33F238172B81CD0300D768EF /* LocationAlertTests.swift in Sources */ = {isa = PBXBuildFile; fileRef = 33F238162B81CD0300D768EF /* LocationAlertTests.swift */; };
		33F238212B81CD0300D768EF /* LocationAlertUITests.swift in Sources */ = {isa = PBXBuildFile; fileRef = 33F238202B81CD0300D768EF /* LocationAlertUITests.swift */; };
		33F238232B81CD0300D768EF /* LocationAlertUITestsLaunchTests.swift in Sources */ = {isa = PBXBuildFile; fileRef = 33F238222B81CD0300D768EF /* LocationAlertUITestsLaunchTests.swift */; };
/* End PBXBuildFile section */

/* Begin PBXContainerItemProxy section */
		33F238132B81CD0300D768EF /* PBXContainerItemProxy */ = {
			isa = PBXContainerItemProxy;
			containerPortal = 33F237F12B81CD0100D768EF /* Project object */;
			proxyType = 1;
			remoteGlobalIDString = 33F237F82B81CD0100D768EF;
			remoteInfo = LocationAlert;
		};
		33F2381D2B81CD0300D768EF /* PBXContainerItemProxy */ = {
			isa = PBXContainerItemProxy;
			containerPortal = 33F237F12B81CD0100D768EF /* Project object */;
			proxyType = 1;
			remoteGlobalIDString = 33F237F82B81CD0100D768EF;
			remoteInfo = LocationAlert;
		};
/* End PBXContainerItemProxy section */

/* Begin PBXFileReference section */
		33F237F92B81CD0100D768EF /* LocationAlert.app */ = {isa = PBXFileReference; explicitFileType = wrapper.application; includeInIndex = 0; path = LocationAlert.app; sourceTree = BUILT_PRODUCTS_DIR; };
		33F237FC2B81CD0100D768EF /* AppDelegate.swift */ = {isa = PBXFileReference; lastKnownFileType = sourcecode.swift; path = AppDelegate.swift; sourceTree = "<group>"; };
		33F237FE2B81CD0100D768EF /* SceneDelegate.swift */ = {isa = PBXFileReference; lastKnownFileType = sourcecode.swift; path = SceneDelegate.swift; sourceTree = "<group>"; };
		33F238002B81CD0100D768EF /* ViewController.swift */ = {isa = PBXFileReference; lastKnownFileType = sourcecode.swift; path = ViewController.swift; sourceTree = "<group>"; };
		33F238032B81CD0100D768EF /* Base */ = {isa = PBXFileReference; lastKnownFileType = file.storyboard; name = Base; path = Base.lproj/Main.storyboard; sourceTree = "<group>"; };
		33F238062B81CD0100D768EF /* LocationAlert.xcdatamodel */ = {isa = PBXFileReference; lastKnownFileType = wrapper.xcdatamodel; path = LocationAlert.xcdatamodel; sourceTree = "<group>"; };
		33F238082B81CD0300D768EF /* Assets.xcassets */ = {isa = PBXFileReference; lastKnownFileType = folder.assetcatalog; path = Assets.xcassets; sourceTree = "<group>"; };
		33F2380B2B81CD0300D768EF /* Base */ = {isa = PBXFileReference; lastKnownFileType = file.storyboard; name = Base; path = Base.lproj/LaunchScreen.storyboard; sourceTree = "<group>"; };
		33F2380D2B81CD0300D768EF /* Info.plist */ = {isa = PBXFileReference; lastKnownFileType = text.plist.xml; path = Info.plist; sourceTree = "<group>"; };
		33F238122B81CD0300D768EF /* LocationAlertTests.xctest */ = {isa = PBXFileReference; explicitFileType = wrapper.cfbundle; includeInIndex = 0; path = LocationAlertTests.xctest; sourceTree = BUILT_PRODUCTS_DIR; };
		33F238162B81CD0300D768EF /* LocationAlertTests.swift */ = {isa = PBXFileReference; lastKnownFileType = sourcecode.swift; path = LocationAlertTests.swift; sourceTree = "<group>"; };
		33F2381C2B81CD0300D768EF /* LocationAlertUITests.xctest */ = {isa = PBXFileReference; explicitFileType = wrapper.cfbundle; includeInIndex = 0; path = LocationAlertUITests.xctest; sourceTree = BUILT_PRODUCTS_DIR; };
		33F238202B81CD0300D768EF /* LocationAlertUITests.swift */ = {isa = PBXFileReference; lastKnownFileType = sourcecode.swift; path = LocationAlertUITests.swift; sourceTree = "<group>"; };
		33F238222B81CD0300D768EF /* LocationAlertUITestsLaunchTests.swift */ = {isa = PBXFileReference; lastKnownFileType = sourcecode.swift; path = LocationAlertUITestsLaunchTests.swift; sourceTree = "<group>"; };
/* End PBXFileReference section */

/* Begin PBXFrameworksBuildPhase section */
		33F237F62B81CD0100D768EF /* Frameworks */ = {
			isa = PBXFrameworksBuildPhase;
			buildActionMask = 2147483647;
			files = (
			);
			runOnlyForDeploymentPostprocessing = 0;
		};
		33F2380F2B81CD0300D768EF /* Frameworks */ = {
			isa = PBXFrameworksBuildPhase;
			buildActionMask = 2147483647;
			files = (
			);
			runOnlyForDeploymentPostprocessing = 0;
		};
		33F238192B81CD0300D768EF /* Frameworks */ = {
			isa = PBXFrameworksBuildPhase;
			buildActionMask = 2147483647;
			files = (
			);
			runOnlyForDeploymentPostprocessing = 0;
		};
/* End PBXFrameworksBuildPhase section */

/* Begin PBXGroup section */
		33F237F02B81CD0100D768EF = {
			isa = PBXGroup;
			children = (
				33F237FB2B81CD0100D768EF /* LocationAlert */,
				33F238152B81CD0300D768EF /* LocationAlertTests */,
				33F2381F2B81CD0300D768EF /* LocationAlertUITests */,
				33F237FA2B81CD0100D768EF /* Products */,
			);
			sourceTree = "<group>";
		};
		33F237FA2B81CD0100D768EF /* Products */ = {
			isa = PBXGroup;
			children = (
				33F237F92B81CD0100D768EF /* LocationAlert.app */,
				33F238122B81CD0300D768EF /* LocationAlertTests.xctest */,
				33F2381C2B81CD0300D768EF /* LocationAlertUITests.xctest */,
			);
			name = Products;
			sourceTree = "<group>";
		};
		33F237FB2B81CD0100D768EF /* LocationAlert */ = {
			isa = PBXGroup;
			children = (
				33F237FC2B81CD0100D768EF /* AppDelegate.swift */,
				33F237FE2B81CD0100D768EF /* SceneDelegate.swift */,
				33F238002B81CD0100D768EF /* ViewController.swift */,
				33F238022B81CD0100D768EF /* Main.storyboard */,
				33F238082B81CD0300D768EF /* Assets.xcassets */,
				33F2380A2B81CD0300D768EF /* LaunchScreen.storyboard */,
				33F2380D2B81CD0300D768EF /* Info.plist */,
				33F238052B81CD0100D768EF /* LocationAlert.xcdatamodeld */,
			);
			path = LocationAlert;
			sourceTree = "<group>";
		};
		33F238152B81CD0300D768EF /* LocationAlertTests */ = {
			isa = PBXGroup;
			children = (
				33F238162B81CD0300D768EF /* LocationAlertTests.swift */,
			);
			path = LocationAlertTests;
			sourceTree = "<group>";
		};
		33F2381F2B81CD0300D768EF /* LocationAlertUITests */ = {
			isa = PBXGroup;
			children = (
				33F238202B81CD0300D768EF /* LocationAlertUITests.swift */,
				33F238222B81CD0300D768EF /* LocationAlertUITestsLaunchTests.swift */,
			);
			path = LocationAlertUITests;
			sourceTree = "<group>";
		};
/* End PBXGroup section */

/* Begin PBXNativeTarget section */
		33F237F82B81CD0100D768EF /* LocationAlert */ = {
			isa = PBXNativeTarget;
			buildConfigurationList = 33F238262B81CD0300D768EF /* Build configuration list for PBXNativeTarget "LocationAlert" */;
			buildPhases = (
				33F237F52B81CD0100D768EF /* Sources */,
				33F237F62B81CD0100D768EF /* Frameworks */,
				33F237F72B81CD0100D768EF /* Resources */,
			);
			buildRules = (
			);
			dependencies = (
			);
			name = LocationAlert;
			productName = LocationAlert;
			productReference = 33F237F92B81CD0100D768EF /* LocationAlert.app */;
			productType = "com.apple.product-type.application";
		};
		33F238112B81CD0300D768EF /* LocationAlertTests */ = {
			isa = PBXNativeTarget;
			buildConfigurationList = 33F238292B81CD0300D768EF /* Build configuration list for PBXNativeTarget "LocationAlertTests" */;
			buildPhases = (
				33F2380E2B81CD0300D768EF /* Sources */,
				33F2380F2B81CD0300D768EF /* Frameworks */,
				33F238102B81CD0300D768EF /* Resources */,
			);
			buildRules = (
			);
			dependencies = (
				33F238142B81CD0300D768EF /* PBXTargetDependency */,
			);
			name = LocationAlertTests;
			productName = LocationAlertTests;
			productReference = 33F238122B81CD0300D768EF /* LocationAlertTests.xctest */;
			productType = "com.apple.product-type.bundle.unit-test";
		};
		33F2381B2B81CD0300D768EF /* LocationAlertUITests */ = {
			isa = PBXNativeTarget;
			buildConfigurationList = 33F2382C2B81CD0300D768EF /* Build configuration list for PBXNativeTarget "LocationAlertUITests" */;
			buildPhases = (
				33F238182B81CD0300D768EF /* Sources */,
				33F238192B81CD0300D768EF /* Frameworks */,
				33F2381A2B81CD0300D768EF /* Resources */,
			);
			buildRules = (
			);
			dependencies = (
				33F2381E2B81CD0300D768EF /* PBXTargetDependency */,
			);
			name = LocationAlertUITests;
			productName = LocationAlertUITests;
			productReference = 33F2381C2B81CD0300D768EF /* LocationAlertUITests.xctest */;
			productType = "com.apple.product-type.bundle.ui-testing";
		};
/* End PBXNativeTarget section */

/* Begin PBXProject section */
		33F237F12B81CD0100D768EF /* Project object */ = {
			isa = PBXProject;
			attributes = {
				BuildIndependentTargetsInParallel = NO;
				LastSwiftUpdateCheck = 1420;
				LastUpgradeCheck = 1520;
				TargetAttributes = {
					33F237F82B81CD0100D768EF = {
						CreatedOnToolsVersion = 14.2;
					};
					33F238112B81CD0300D768EF = {
						CreatedOnToolsVersion = 14.2;
						TestTargetID = 33F237F82B81CD0100D768EF;
					};
					33F2381B2B81CD0300D768EF = {
						CreatedOnToolsVersion = 14.2;
						TestTargetID = 33F237F82B81CD0100D768EF;
					};
				};
			};
			buildConfigurationList = 33F237F42B81CD0100D768EF /* Build configuration list for PBXProject "LocationAlert" */;
			compatibilityVersion = "Xcode 14.0";
			developmentRegion = en;
			hasScannedForEncodings = 0;
			knownRegions = (
				en,
				Base,
			);
			mainGroup = 33F237F02B81CD0100D768EF;
			productRefGroup = 33F237FA2B81CD0100D768EF /* Products */;
			projectDirPath = "";
			projectRoot = "";
			targets = (
				33F237F82B81CD0100D768EF /* LocationAlert */,
				33F238112B81CD0300D768EF /* LocationAlertTests */,
				33F2381B2B81CD0300D768EF /* LocationAlertUITests */,
			);
		};
/* End PBXProject section */

/* Begin PBXResourcesBuildPhase section */
		33F237F72B81CD0100D768EF /* Resources */ = {
			isa = PBXResourcesBuildPhase;
			buildActionMask = 2147483647;
			files = (
				33F2380C2B81CD0300D768EF /* LaunchScreen.storyboard in Resources */,
				33F238092B81CD0300D768EF /* Assets.xcassets in Resources */,
				33F238042B81CD0100D768EF /* Main.storyboard in Resources */,
			);
			runOnlyForDeploymentPostprocessing = 0;
		};
		33F238102B81CD0300D768EF /* Resources */ = {
			isa = PBXResourcesBuildPhase;
			buildActionMask = 2147483647;
			files = (
			);
			runOnlyForDeploymentPostprocessing = 0;
		};
		33F2381A2B81CD0300D768EF /* Resources */ = {
			isa = PBXResourcesBuildPhase;
			buildActionMask = 2147483647;
			files = (
			);
			runOnlyForDeploymentPostprocessing = 0;
		};
/* End PBXResourcesBuildPhase section */

/* Begin PBXSourcesBuildPhase section */
		33F237F52B81CD0100D768EF /* Sources */ = {
			isa = PBXSourcesBuildPhase;
			buildActionMask = 2147483647;
			files = (
				33F238012B81CD0100D768EF /* ViewController.swift in Sources */,
				33F237FD2B81CD0100D768EF /* AppDelegate.swift in Sources */,
				33F237FF2B81CD0100D768EF /* SceneDelegate.swift in Sources */,
				33F238072B81CD0100D768EF /* LocationAlert.xcdatamodeld in Sources */,
			);
			runOnlyForDeploymentPostprocessing = 0;
		};
		33F2380E2B81CD0300D768EF /* Sources */ = {
			isa = PBXSourcesBuildPhase;
			buildActionMask = 2147483647;
			files = (
				33F238172B81CD0300D768EF /* LocationAlertTests.swift in Sources */,
			);
			runOnlyForDeploymentPostprocessing = 0;
		};
		33F238182B81CD0300D768EF /* Sources */ = {
			isa = PBXSourcesBuildPhase;
			buildActionMask = 2147483647;
			files = (
				33F238232B81CD0300D768EF /* LocationAlertUITestsLaunchTests.swift in Sources */,
				33F238212B81CD0300D768EF /* LocationAlertUITests.swift in Sources */,
			);
			runOnlyForDeploymentPostprocessing = 0;
		};
/* End PBXSourcesBuildPhase section */

/* Begin PBXTargetDependency section */
		33F238142B81CD0300D768EF /* PBXTargetDependency */ = {
			isa = PBXTargetDependency;
			target = 33F237F82B81CD0100D768EF /* LocationAlert */;
			targetProxy = 33F238132B81CD0300D768EF /* PBXContainerItemProxy */;
		};
		33F2381E2B81CD0300D768EF /* PBXTargetDependency */ = {
			isa = PBXTargetDependency;
			target = 33F237F82B81CD0100D768EF /* LocationAlert */;
			targetProxy = 33F2381D2B81CD0300D768EF /* PBXContainerItemProxy */;
		};
/* End PBXTargetDependency section */

/* Begin PBXVariantGroup section */
		33F238022B81CD0100D768EF /* Main.storyboard */ = {
			isa = PBXVariantGroup;
			children = (
				33F238032B81CD0100D768EF /* Base */,
			);
			name = Main.storyboard;
			sourceTree = "<group>";
		};
		33F2380A2B81CD0300D768EF /* LaunchScreen.storyboard */ = {
			isa = PBXVariantGroup;
			children = (
				33F2380B2B81CD0300D768EF /* Base */,
			);
			name = LaunchScreen.storyboard;
			sourceTree = "<group>";
		};
/* End PBXVariantGroup section */

/* Begin XCBuildConfiguration section */
		33F238242B81CD0300D768EF /* Debug */ = {
			isa = XCBuildConfiguration;
			buildSettings = {
				ALWAYS_SEARCH_USER_PATHS = NO;
				CLANG_ANALYZER_NONNULL = YES;
				CLANG_ANALYZER_NUMBER_OBJECT_CONVERSION = YES_AGGRESSIVE;
				CLANG_CXX_LANGUAGE_STANDARD = "gnu++20";
				CLANG_ENABLE_MODULES = YES;
				CLANG_ENABLE_OBJC_ARC = YES;
				CLANG_ENABLE_OBJC_WEAK = YES;
				CLANG_WARN_BLOCK_CAPTURE_AUTORELEASING = YES;
				CLANG_WARN_BOOL_CONVERSION = YES;
				CLANG_WARN_COMMA = YES;
				CLANG_WARN_CONSTANT_CONVERSION = YES;
				CLANG_WARN_DEPRECATED_OBJC_IMPLEMENTATIONS = YES;
				CLANG_WARN_DIRECT_OBJC_ISA_USAGE = YES_ERROR;
				CLANG_WARN_DOCUMENTATION_COMMENTS = YES;
				CLANG_WARN_EMPTY_BODY = YES;
				CLANG_WARN_ENUM_CONVERSION = YES;
				CLANG_WARN_INFINITE_RECURSION = YES;
				CLANG_WARN_INT_CONVERSION = YES;
				CLANG_WARN_NON_LITERAL_NULL_CONVERSION = YES;
				CLANG_WARN_OBJC_IMPLICIT_RETAIN_SELF = YES;
				CLANG_WARN_OBJC_LITERAL_CONVERSION = YES;
				CLANG_WARN_OBJC_ROOT_CLASS = YES_ERROR;
				CLANG_WARN_QUOTED_INCLUDE_IN_FRAMEWORK_HEADER = YES;
				CLANG_WARN_RANGE_LOOP_ANALYSIS = YES;
				CLANG_WARN_STRICT_PROTOTYPES = YES;
				CLANG_WARN_SUSPICIOUS_MOVE = YES;
				CLANG_WARN_UNGUARDED_AVAILABILITY = YES_AGGRESSIVE;
				CLANG_WARN_UNREACHABLE_CODE = YES;
				CLANG_WARN__DUPLICATE_METHOD_MATCH = YES;
				COPY_PHASE_STRIP = NO;
				DEBUG_INFORMATION_FORMAT = dwarf;
				ENABLE_STRICT_OBJC_MSGSEND = YES;
				ENABLE_TESTABILITY = YES;
				ENABLE_USER_SCRIPT_SANDBOXING = YES;
				GCC_C_LANGUAGE_STANDARD = gnu11;
				GCC_DYNAMIC_NO_PIC = NO;
				GCC_NO_COMMON_BLOCKS = YES;
				GCC_OPTIMIZATION_LEVEL = 0;
				GCC_PREPROCESSOR_DEFINITIONS = (
					"DEBUG=1",
					"$(inherited)",
				);
				GCC_WARN_64_TO_32_BIT_CONVERSION = YES;
				GCC_WARN_ABOUT_RETURN_TYPE = YES_ERROR;
				GCC_WARN_UNDECLARED_SELECTOR = YES;
				GCC_WARN_UNINITIALIZED_AUTOS = YES_AGGRESSIVE;
				GCC_WARN_UNUSED_FUNCTION = YES;
				GCC_WARN_UNUSED_VARIABLE = YES;
				IPHONEOS_DEPLOYMENT_TARGET = 16.2;
				MTL_ENABLE_DEBUG_INFO = INCLUDE_SOURCE;
				MTL_FAST_MATH = YES;
				ONLY_ACTIVE_ARCH = YES;
				SDKROOT = iphoneos;
				SWIFT_ACTIVE_COMPILATION_CONDITIONS = DEBUG;
				SWIFT_OPTIMIZATION_LEVEL = "-Onone";
			};
			name = Debug;
		};
		33F238252B81CD0300D768EF /* Release */ = {
			isa = XCBuildConfiguration;
			buildSettings = {
				ALWAYS_SEARCH_USER_PATHS = NO;
				CLANG_ANALYZER_NONNULL = YES;
				CLANG_ANALYZER_NUMBER_OBJECT_CONVERSION = YES_AGGRESSIVE;
				CLANG_CXX_LANGUAGE_STANDARD = "gnu++20";
				CLANG_ENABLE_MODULES = YES;
				CLANG_ENABLE_OBJC_ARC = YES;
				CLANG_ENABLE_OBJC_WEAK = YES;
				CLANG_WARN_BLOCK_CAPTURE_AUTORELEASING = YES;
				CLANG_WARN_BOOL_CONVERSION = YES;
				CLANG_WARN_COMMA = YES;
				CLANG_WARN_CONSTANT_CONVERSION = YES;
				CLANG_WARN_DEPRECATED_OBJC_IMPLEMENTATIONS = YES;
				CLANG_WARN_DIRECT_OBJC_ISA_USAGE = YES_ERROR;
				CLANG_WARN_DOCUMENTATION_COMMENTS = YES;
				CLANG_WARN_EMPTY_BODY = YES;
				CLANG_WARN_ENUM_CONVERSION = YES;
				CLANG_WARN_INFINITE_RECURSION = YES;
				CLANG_WARN_INT_CONVERSION = YES;
				CLANG_WARN_NON_LITERAL_NULL_CONVERSION = YES;
				CLANG_WARN_OBJC_IMPLICIT_RETAIN_SELF = YES;
				CLANG_WARN_OBJC_LITERAL_CONVERSION = YES;
				CLANG_WARN_OBJC_ROOT_CLASS = YES_ERROR;
				CLANG_WARN_QUOTED_INCLUDE_IN_FRAMEWORK_HEADER = YES;
				CLANG_WARN_RANGE_LOOP_ANALYSIS = YES;
				CLANG_WARN_STRICT_PROTOTYPES = YES;
				CLANG_WARN_SUSPICIOUS_MOVE = YES;
				CLANG_WARN_UNGUARDED_AVAILABILITY = YES_AGGRESSIVE;
				CLANG_WARN_UNREACHABLE_CODE = YES;
				CLANG_WARN__DUPLICATE_METHOD_MATCH = YES;
				COPY_PHASE_STRIP = NO;
				DEBUG_INFORMATION_FORMAT = "dwarf-with-dsym";
				ENABLE_NS_ASSERTIONS = NO;
				ENABLE_STRICT_OBJC_MSGSEND = YES;
				ENABLE_USER_SCRIPT_SANDBOXING = YES;
				GCC_C_LANGUAGE_STANDARD = gnu11;
				GCC_NO_COMMON_BLOCKS = YES;
				GCC_WARN_64_TO_32_BIT_CONVERSION = YES;
				GCC_WARN_ABOUT_RETURN_TYPE = YES_ERROR;
				GCC_WARN_UNDECLARED_SELECTOR = YES;
				GCC_WARN_UNINITIALIZED_AUTOS = YES_AGGRESSIVE;
				GCC_WARN_UNUSED_FUNCTION = YES;
				GCC_WARN_UNUSED_VARIABLE = YES;
				IPHONEOS_DEPLOYMENT_TARGET = 16.2;
				MTL_ENABLE_DEBUG_INFO = NO;
				MTL_FAST_MATH = YES;
				SDKROOT = iphoneos;
				SWIFT_COMPILATION_MODE = wholemodule;
				SWIFT_OPTIMIZATION_LEVEL = "-O";
				VALIDATE_PRODUCT = YES;
			};
			name = Release;
		};
		33F238272B81CD0300D768EF /* Debug */ = {
			isa = XCBuildConfiguration;
			buildSettings = {
				ASSETCATALOG_COMPILER_APPICON_NAME = AppIcon;
				ASSETCATALOG_COMPILER_GLOBAL_ACCENT_COLOR_NAME = AccentColor;
				CODE_SIGN_STYLE = Automatic;
				CURRENT_PROJECT_VERSION = 1;
				DEVELOPMENT_TEAM = KA4S7X5SBZ;
				GENERATE_INFOPLIST_FILE = YES;
				INFOPLIST_FILE = LocationAlert/Info.plist;
				INFOPLIST_KEY_UIApplicationSupportsIndirectInputEvents = YES;
				INFOPLIST_KEY_UILaunchStoryboardName = LaunchScreen;
				INFOPLIST_KEY_UIMainStoryboardFile = Main;
				INFOPLIST_KEY_UISupportedInterfaceOrientations_iPad = "UIInterfaceOrientationPortrait UIInterfaceOrientationPortraitUpsideDown UIInterfaceOrientationLandscapeLeft UIInterfaceOrientationLandscapeRight";
				INFOPLIST_KEY_UISupportedInterfaceOrientations_iPhone = "UIInterfaceOrientationPortrait UIInterfaceOrientationLandscapeLeft UIInterfaceOrientationLandscapeRight";
				LD_RUNPATH_SEARCH_PATHS = (
					"$(inherited)",
					"@executable_path/Frameworks",
				);
				MARKETING_VERSION = 1.0;
				PRODUCT_BUNDLE_IDENTIFIER = kennethx.LocationAlert;
				PRODUCT_NAME = "$(TARGET_NAME)";
				SWIFT_EMIT_LOC_STRINGS = YES;
				SWIFT_VERSION = 5.0;
				TARGETED_DEVICE_FAMILY = "1,2";
			};
			name = Debug;
		};
		33F238282B81CD0300D768EF /* Release */ = {
			isa = XCBuildConfiguration;
			buildSettings = {
				ASSETCATALOG_COMPILER_APPICON_NAME = AppIcon;
				ASSETCATALOG_COMPILER_GLOBAL_ACCENT_COLOR_NAME = AccentColor;
				CODE_SIGN_STYLE = Automatic;
				CURRENT_PROJECT_VERSION = 1;
				DEVELOPMENT_TEAM = KA4S7X5SBZ;
				GENERATE_INFOPLIST_FILE = YES;
				INFOPLIST_FILE = LocationAlert/Info.plist;
				INFOPLIST_KEY_UIApplicationSupportsIndirectInputEvents = YES;
				INFOPLIST_KEY_UILaunchStoryboardName = LaunchScreen;
				INFOPLIST_KEY_UIMainStoryboardFile = Main;
				INFOPLIST_KEY_UISupportedInterfaceOrientations_iPad = "UIInterfaceOrientationPortrait UIInterfaceOrientationPortraitUpsideDown UIInterfaceOrientationLandscapeLeft UIInterfaceOrientationLandscapeRight";
				INFOPLIST_KEY_UISupportedInterfaceOrientations_iPhone = "UIInterfaceOrientationPortrait UIInterfaceOrientationLandscapeLeft UIInterfaceOrientationLandscapeRight";
				LD_RUNPATH_SEARCH_PATHS = (
					"$(inherited)",
					"@executable_path/Frameworks",
				);
				MARKETING_VERSION = 1.0;
				PRODUCT_BUNDLE_IDENTIFIER = kennethx.LocationAlert;
				PRODUCT_NAME = "$(TARGET_NAME)";
				SWIFT_EMIT_LOC_STRINGS = YES;
				SWIFT_VERSION = 5.0;
				TARGETED_DEVICE_FAMILY = "1,2";
			};
			name = Release;
		};
		33F2382A2B81CD0300D768EF /* Debug */ = {
			isa = XCBuildConfiguration;
			buildSettings = {
				ALWAYS_EMBED_SWIFT_STANDARD_LIBRARIES = YES;
				BUNDLE_LOADER = "$(TEST_HOST)";
				CODE_SIGN_STYLE = Automatic;
				CURRENT_PROJECT_VERSION = 1;
				DEVELOPMENT_TEAM = KA4S7X5SBZ;
				GENERATE_INFOPLIST_FILE = YES;
				IPHONEOS_DEPLOYMENT_TARGET = 16.2;
				MARKETING_VERSION = 1.0;
				PRODUCT_BUNDLE_IDENTIFIER = kennethx.LocationAlertTests;
				PRODUCT_NAME = "$(TARGET_NAME)";
				SWIFT_EMIT_LOC_STRINGS = NO;
				SWIFT_VERSION = 5.0;
				TARGETED_DEVICE_FAMILY = "1,2";
				TEST_HOST = "$(BUILT_PRODUCTS_DIR)/LocationAlert.app/$(BUNDLE_EXECUTABLE_FOLDER_PATH)/LocationAlert";
			};
			name = Debug;
		};
		33F2382B2B81CD0300D768EF /* Release */ = {
			isa = XCBuildConfiguration;
			buildSettings = {
				ALWAYS_EMBED_SWIFT_STANDARD_LIBRARIES = YES;
				BUNDLE_LOADER = "$(TEST_HOST)";
				CODE_SIGN_STYLE = Automatic;
				CURRENT_PROJECT_VERSION = 1;
				DEVELOPMENT_TEAM = KA4S7X5SBZ;
				GENERATE_INFOPLIST_FILE = YES;
				IPHONEOS_DEPLOYMENT_TARGET = 16.2;
				MARKETING_VERSION = 1.0;
				PRODUCT_BUNDLE_IDENTIFIER = kennethx.LocationAlertTests;
				PRODUCT_NAME = "$(TARGET_NAME)";
				SWIFT_EMIT_LOC_STRINGS = NO;
				SWIFT_VERSION = 5.0;
				TARGETED_DEVICE_FAMILY = "1,2";
				TEST_HOST = "$(BUILT_PRODUCTS_DIR)/LocationAlert.app/$(BUNDLE_EXECUTABLE_FOLDER_PATH)/LocationAlert";
			};
			name = Release;
		};
		33F2382D2B81CD0300D768EF /* Debug */ = {
			isa = XCBuildConfiguration;
			buildSettings = {
				ALWAYS_EMBED_SWIFT_STANDARD_LIBRARIES = YES;
				CODE_SIGN_STYLE = Automatic;
				CURRENT_PROJECT_VERSION = 1;
				DEVELOPMENT_TEAM = KA4S7X5SBZ;
				GENERATE_INFOPLIST_FILE = YES;
				MARKETING_VERSION = 1.0;
				PRODUCT_BUNDLE_IDENTIFIER = kennethx.LocationAlertUITests;
				PRODUCT_NAME = "$(TARGET_NAME)";
				SWIFT_EMIT_LOC_STRINGS = NO;
				SWIFT_VERSION = 5.0;
				TARGETED_DEVICE_FAMILY = "1,2";
				TEST_TARGET_NAME = LocationAlert;
			};
			name = Debug;
		};
		33F2382E2B81CD0300D768EF /* Release */ = {
			isa = XCBuildConfiguration;
			buildSettings = {
				ALWAYS_EMBED_SWIFT_STANDARD_LIBRARIES = YES;
				CODE_SIGN_STYLE = Automatic;
				CURRENT_PROJECT_VERSION = 1;
				DEVELOPMENT_TEAM = KA4S7X5SBZ;
				GENERATE_INFOPLIST_FILE = YES;
				MARKETING_VERSION = 1.0;
				PRODUCT_BUNDLE_IDENTIFIER = kennethx.LocationAlertUITests;
				PRODUCT_NAME = "$(TARGET_NAME)";
				SWIFT_EMIT_LOC_STRINGS = NO;
				SWIFT_VERSION = 5.0;
				TARGETED_DEVICE_FAMILY = "1,2";
				TEST_TARGET_NAME = LocationAlert;
			};
			name = Release;
		};
/* End XCBuildConfiguration section */

/* Begin XCConfigurationList section */
		33F237F42B81CD0100D768EF /* Build configuration list for PBXProject "LocationAlert" */ = {
			isa = XCConfigurationList;
			buildConfigurations = (
				33F238242B81CD0300D768EF /* Debug */,
				33F238252B81CD0300D768EF /* Release */,
			);
			defaultConfigurationIsVisible = 0;
			defaultConfigurationName = Release;
		};
		33F238262B81CD0300D768EF /* Build configuration list for PBXNativeTarget "LocationAlert" */ = {
			isa = XCConfigurationList;
			buildConfigurations = (
				33F238272B81CD0300D768EF /* Debug */,
				33F238282B81CD0300D768EF /* Release */,
			);
			defaultConfigurationIsVisible = 0;
			defaultConfigurationName = Release;
		};
		33F238292B81CD0300D768EF /* Build configuration list for PBXNativeTarget "LocationAlertTests" */ = {
			isa = XCConfigurationList;
			buildConfigurations = (
				33F2382A2B81CD0300D768EF /* Debug */,
				33F2382B2B81CD0300D768EF /* Release */,
			);
			defaultConfigurationIsVisible = 0;
			defaultConfigurationName = Release;
		};
		33F2382C2B81CD0300D768EF /* Build configuration list for PBXNativeTarget "LocationAlertUITests" */ = {
			isa = XCConfigurationList;
			buildConfigurations = (
				33F2382D2B81CD0300D768EF /* Debug */,
				33F2382E2B81CD0300D768EF /* Release */,
			);
			defaultConfigurationIsVisible = 0;
			defaultConfigurationName = Release;
		};
/* End XCConfigurationList section */

/* Begin XCVersionGroup section */
		33F238052B81CD0100D768EF /* LocationAlert.xcdatamodeld */ = {
			isa = XCVersionGroup;
			children = (
				33F238062B81CD0100D768EF /* LocationAlert.xcdatamodel */,
			);
			currentVersion = 33F238062B81CD0100D768EF /* LocationAlert.xcdatamodel */;
			path = LocationAlert.xcdatamodeld;
			sourceTree = "<group>";
			versionGroupType = wrapper.xcdatamodel;
		};
/* End XCVersionGroup section */
	};
	rootObject = 33F237F12B81CD0100D768EF /* Project object */;
}
